
Microsoft Visual Studio Solution File, Format Version 12.00
# Visual Studio Version 17
VisualStudioVersion = 17.4.33122.133
MinimumVisualStudioVersion = 10.0.40219.1
Project("{FAE04EC0-301F-11D3-BF4B-00C04F79EFBC}") = "DataLayer", "DataLayer\DataLayer.csproj", "{A0490A95-29F5-49A8-8844-1A6DB0E8C98D}"
EndProject
Project("{FAE04EC0-301F-11D3-BF4B-00C04F79EFBC}") = "Business_Layer", "Business_Layer\Business_Layer.csproj", "{C8A050EC-90D6-4EAC-B27E-C6A87667E95A}"
EndProject
Project("{FAE04EC0-301F-11D3-BF4B-00C04F79EFBC}") = "KHOHANG", "KHOHANG\KHOHANG.csproj", "{0822BB25-550A-4A69-A3DD-93EE9929DD00}"
EndProject
Global
	GlobalSection(SolutionConfigurationPlatforms) = preSolution
		Debug|Any CPU = Debug|Any CPU
		Release|Any CPU = Release|Any CPU
	EndGlobalSection
	GlobalSection(ProjectConfigurationPlatforms) = postSolution
		{A0490A95-29F5-49A8-8844-1A6DB0E8C98D}.Debug|Any CPU.ActiveCfg = Debug|Any CPU
		{A0490A95-29F5-49A8-8844-1A6DB0E8C98D}.Debug|Any CPU.Build.0 = Debug|Any CPU
		{A0490A95-29F5-49A8-8844-1A6DB0E8C98D}.Release|Any CPU.ActiveCfg = Release|Any CPU
		{A0490A95-29F5-49A8-8844-1A6DB0E8C98D}.Release|Any CPU.Build.0 = Release|Any CPU
		{C8A050EC-90D6-4EAC-B27E-C6A87667E95A}.Debug|Any CPU.ActiveCfg = Debug|Any CPU
		{C8A050EC-90D6-4EAC-B27E-C6A87667E95A}.Debug|Any CPU.Build.0 = Debug|Any CPU
		{C8A050EC-90D6-4EAC-B27E-C6A87667E95A}.Release|Any CPU.ActiveCfg = Release|Any CPU
		{C8A050EC-90D6-4EAC-B27E-C6A87667E95A}.Release|Any CPU.Build.0 = Release|Any CPU
		{0822BB25-550A-4A69-A3DD-93EE9929DD00}.Debug|Any CPU.ActiveCfg = Debug|Any CPU
		{0822BB25-550A-4A69-A3DD-93EE9929DD00}.Debug|Any CPU.Build.0 = Debug|Any CPU
		{0822BB25-550A-4A69-A3DD-93EE9929DD00}.Release|Any CPU.ActiveCfg = Release|Any CPU
		{0822BB25-550A-4A69-A3DD-93EE9929DD00}.Release|Any CPU.Build.0 = Release|Any CPU
	EndGlobalSection
	GlobalSection(SolutionProperties) = preSolution
		HideSolutionNode = FALSE
	EndGlobalSection
	GlobalSection(ExtensibilityGlobals) = postSolution
		SolutionGuid = {3BD48BAD-6C94-4146-B20E-A89903431612}
	EndGlobalSection
EndGlobal
