
Microsoft Visual Studio Solution File, Format Version 12.00
# Visual Studio Version 17
VisualStudioVersion = 17.3.32929.385
MinimumVisualStudioVersion = 10.0.40219.1
Project("{FAE04EC0-301F-11D3-BF4B-00C04F79EFBC}") = "SupplementFactsproducts", "SupplementFactsproducts\SupplementFactsproducts.csproj", "{A1705522-FE7B-48CF-ACDD-59A1072B00B4}"
EndProject
Global
	GlobalSection(SolutionConfigurationPlatforms) = preSolution
		Debug|Any CPU = Debug|Any CPU
		Release|Any CPU = Release|Any CPU
	EndGlobalSection
	GlobalSection(ProjectConfigurationPlatforms) = postSolution
		{A1705522-FE7B-48CF-ACDD-59A1072B00B4}.Debug|Any CPU.ActiveCfg = Debug|Any CPU
		{A1705522-FE7B-48CF-ACDD-59A1072B00B4}.Debug|Any CPU.Build.0 = Debug|Any CPU
		{A1705522-FE7B-48CF-ACDD-59A1072B00B4}.Release|Any CPU.ActiveCfg = Release|Any CPU
		{A1705522-FE7B-48CF-ACDD-59A1072B00B4}.Release|Any CPU.Build.0 = Release|Any CPU
	EndGlobalSection
	GlobalSection(SolutionProperties) = preSolution
		HideSolutionNode = FALSE
	EndGlobalSection
	GlobalSection(ExtensibilityGlobals) = postSolution
		SolutionGuid = {8E6CCB4A-18C6-43FC-9AC9-2EF7789FAC5D}
	EndGlobalSection
EndGlobal
